
Microsoft Visual Studio Solution File, Format Version 12.00
# Visual Studio 15
VisualStudioVersion = 15.0.27428.2043
MinimumVisualStudioVersion = 10.0.40219.1
Project("{FAE04EC0-301F-11D3-BF4B-00C04F79EFBC}") = "SalesManager", "SalesManager\SalesManager.csproj", "{F41301E6-0A03-4FA2-8034-97D21213AFA6}"
EndProject
Project("{FAE04EC0-301F-11D3-BF4B-00C04F79EFBC}") = "ClassLibrary", "ClassLibrary\ClassLibrary.csproj", "{B50EF09E-E26A-4D06-8EB1-019989D10F1D}"
EndProject
Global
	GlobalSection(SolutionConfigurationPlatforms) = preSolution
		Debug|Any CPU = Debug|Any CPU
		Release|Any CPU = Release|Any CPU
	EndGlobalSection
	GlobalSection(ProjectConfigurationPlatforms) = postSolution
		{F41301E6-0A03-4FA2-8034-97D21213AFA6}.Debug|Any CPU.ActiveCfg = Debug|Any CPU
		{F41301E6-0A03-4FA2-8034-97D21213AFA6}.Debug|Any CPU.Build.0 = Debug|Any CPU
		{F41301E6-0A03-4FA2-8034-97D21213AFA6}.Release|Any CPU.ActiveCfg = Release|Any CPU
		{F41301E6-0A03-4FA2-8034-97D21213AFA6}.Release|Any CPU.Build.0 = Release|Any CPU
		{B50EF09E-E26A-4D06-8EB1-019989D10F1D}.Debug|Any CPU.ActiveCfg = Debug|Any CPU
		{B50EF09E-E26A-4D06-8EB1-019989D10F1D}.Debug|Any CPU.Build.0 = Debug|Any CPU
		{B50EF09E-E26A-4D06-8EB1-019989D10F1D}.Release|Any CPU.ActiveCfg = Release|Any CPU
		{B50EF09E-E26A-4D06-8EB1-019989D10F1D}.Release|Any CPU.Build.0 = Release|Any CPU
	EndGlobalSection
	GlobalSection(SolutionProperties) = preSolution
		HideSolutionNode = FALSE
	EndGlobalSection
	GlobalSection(ExtensibilityGlobals) = postSolution
		SolutionGuid = {2AB0E90C-F00F-4DEF-9C11-7D273E0DBACC}
	EndGlobalSection
EndGlobal
